
Microsoft Visual Studio Solution File, Format Version 12.00
# Visual Studio 15
VisualStudioVersion = 15.0.26124.0
MinimumVisualStudioVersion = 15.0.26124.0
Project("{2150E333-8FDC-42A3-9474-1A3956D46DE8}") = "src", "src", "{A964A01C-E89F-4C22-A28E-EFA14D4EA6D0}"
EndProject
Project("{2150E333-8FDC-42A3-9474-1A3956D46DE8}") = "Services", "Services", "{B91EBB6F-3D5F-4C9D-B492-C27933B74A18}"
EndProject
Project("{2150E333-8FDC-42A3-9474-1A3956D46DE8}") = "Account", "Account", "{13216954-B0D0-443D-9F95-A15AEA74EAF7}"
EndProject
Project("{FAE04EC0-301F-11D3-BF4B-00C04F79EFBC}") = "Bank.Account.API", "src\Services\Account\Bank.Account.API\Bank.Account.API.csproj", "{1E01CA1C-4033-484C-97A9-90DE76A0353C}"
EndProject
Project("{FAE04EC0-301F-11D3-BF4B-00C04F79EFBC}") = "Bank.Account.Application", "src\Services\Account\Bank.Account.Application\Bank.Account.Application.csproj", "{48644DE5-BA89-4C8B-835A-26EA0370D5F6}"
EndProject
Project("{FAE04EC0-301F-11D3-BF4B-00C04F79EFBC}") = "Bank.Account.Data", "src\Services\Account\Bank.Account.Data\Bank.Account.Data.csproj", "{7D986BE4-FE5B-4644-BC13-A35F4B970C68}"
EndProject
Project("{FAE04EC0-301F-11D3-BF4B-00C04F79EFBC}") = "Bank.Account.Domain", "src\Services\Account\Bank.Account.Domain\Bank.Account.Domain.csproj", "{E34126FA-77D4-4F5D-B1B0-EA3C2102D222}"
EndProject
Project("{2150E333-8FDC-42A3-9474-1A3956D46DE8}") = "Core", "Core", "{65E5638F-5057-46D5-9F37-5A6163876CCE}"
EndProject
Project("{FAE04EC0-301F-11D3-BF4B-00C04F79EFBC}") = "Bank.Core", "src\Services\Core\Bank.Core\Bank.Core.csproj", "{4122BC74-4EAA-4C0D-8774-A3DFC16E343F}"
EndProject
Project("{2150E333-8FDC-42A3-9474-1A3956D46DE8}") = "tests", "tests", "{27C8A380-6FBA-4DD4-8C0A-F658A463BCF3}"
EndProject
Project("{FAE04EC0-301F-11D3-BF4B-00C04F79EFBC}") = "Bank.Unit.Tests", "tests\Bank.Unit.Tests\Bank.Unit.Tests.csproj", "{72161638-E435-44BA-A347-DD853E887FFA}"
EndProject
Project("{2150E333-8FDC-42A3-9474-1A3956D46DE8}") = "WerkServices", "WerkServices", "{A4D9FAB5-C597-4586-9582-097A9C8483C5}"
EndProject
Project("{FAE04EC0-301F-11D3-BF4B-00C04F79EFBC}") = "WorkerServiceAccount", "src\WorkerServiceAccount\WorkerServiceAccount.csproj", "{D4045331-2BC8-491B-9A9B-2AFC5E7CDA6E}"
EndProject
Global
	GlobalSection(SolutionConfigurationPlatforms) = preSolution
		Debug|Any CPU = Debug|Any CPU
		Debug|x64 = Debug|x64
		Debug|x86 = Debug|x86
		Release|Any CPU = Release|Any CPU
		Release|x64 = Release|x64
		Release|x86 = Release|x86
	EndGlobalSection
	GlobalSection(SolutionProperties) = preSolution
		HideSolutionNode = FALSE
	EndGlobalSection
	GlobalSection(ProjectConfigurationPlatforms) = postSolution
		{1E01CA1C-4033-484C-97A9-90DE76A0353C}.Debug|Any CPU.ActiveCfg = Debug|Any CPU
		{1E01CA1C-4033-484C-97A9-90DE76A0353C}.Debug|Any CPU.Build.0 = Debug|Any CPU
		{1E01CA1C-4033-484C-97A9-90DE76A0353C}.Debug|x64.ActiveCfg = Debug|Any CPU
		{1E01CA1C-4033-484C-97A9-90DE76A0353C}.Debug|x64.Build.0 = Debug|Any CPU
		{1E01CA1C-4033-484C-97A9-90DE76A0353C}.Debug|x86.ActiveCfg = Debug|Any CPU
		{1E01CA1C-4033-484C-97A9-90DE76A0353C}.Debug|x86.Build.0 = Debug|Any CPU
		{1E01CA1C-4033-484C-97A9-90DE76A0353C}.Release|Any CPU.ActiveCfg = Release|Any CPU
		{1E01CA1C-4033-484C-97A9-90DE76A0353C}.Release|Any CPU.Build.0 = Release|Any CPU
		{1E01CA1C-4033-484C-97A9-90DE76A0353C}.Release|x64.ActiveCfg = Release|Any CPU
		{1E01CA1C-4033-484C-97A9-90DE76A0353C}.Release|x64.Build.0 = Release|Any CPU
		{1E01CA1C-4033-484C-97A9-90DE76A0353C}.Release|x86.ActiveCfg = Release|Any CPU
		{1E01CA1C-4033-484C-97A9-90DE76A0353C}.Release|x86.Build.0 = Release|Any CPU
		{48644DE5-BA89-4C8B-835A-26EA0370D5F6}.Debug|Any CPU.ActiveCfg = Debug|Any CPU
		{48644DE5-BA89-4C8B-835A-26EA0370D5F6}.Debug|Any CPU.Build.0 = Debug|Any CPU
		{48644DE5-BA89-4C8B-835A-26EA0370D5F6}.Debug|x64.ActiveCfg = Debug|Any CPU
		{48644DE5-BA89-4C8B-835A-26EA0370D5F6}.Debug|x64.Build.0 = Debug|Any CPU
		{48644DE5-BA89-4C8B-835A-26EA0370D5F6}.Debug|x86.ActiveCfg = Debug|Any CPU
		{48644DE5-BA89-4C8B-835A-26EA0370D5F6}.Debug|x86.Build.0 = Debug|Any CPU
		{48644DE5-BA89-4C8B-835A-26EA0370D5F6}.Release|Any CPU.ActiveCfg = Release|Any CPU
		{48644DE5-BA89-4C8B-835A-26EA0370D5F6}.Release|Any CPU.Build.0 = Release|Any CPU
		{48644DE5-BA89-4C8B-835A-26EA0370D5F6}.Release|x64.ActiveCfg = Release|Any CPU
		{48644DE5-BA89-4C8B-835A-26EA0370D5F6}.Release|x64.Build.0 = Release|Any CPU
		{48644DE5-BA89-4C8B-835A-26EA0370D5F6}.Release|x86.ActiveCfg = Release|Any CPU
		{48644DE5-BA89-4C8B-835A-26EA0370D5F6}.Release|x86.Build.0 = Release|Any CPU
		{7D986BE4-FE5B-4644-BC13-A35F4B970C68}.Debug|Any CPU.ActiveCfg = Debug|Any CPU
		{7D986BE4-FE5B-4644-BC13-A35F4B970C68}.Debug|Any CPU.Build.0 = Debug|Any CPU
		{7D986BE4-FE5B-4644-BC13-A35F4B970C68}.Debug|x64.ActiveCfg = Debug|Any CPU
		{7D986BE4-FE5B-4644-BC13-A35F4B970C68}.Debug|x64.Build.0 = Debug|Any CPU
		{7D986BE4-FE5B-4644-BC13-A35F4B970C68}.Debug|x86.ActiveCfg = Debug|Any CPU
		{7D986BE4-FE5B-4644-BC13-A35F4B970C68}.Debug|x86.Build.0 = Debug|Any CPU
		{7D986BE4-FE5B-4644-BC13-A35F4B970C68}.Release|Any CPU.ActiveCfg = Release|Any CPU
		{7D986BE4-FE5B-4644-BC13-A35F4B970C68}.Release|Any CPU.Build.0 = Release|Any CPU
		{7D986BE4-FE5B-4644-BC13-A35F4B970C68}.Release|x64.ActiveCfg = Release|Any CPU
		{7D986BE4-FE5B-4644-BC13-A35F4B970C68}.Release|x64.Build.0 = Release|Any CPU
		{7D986BE4-FE5B-4644-BC13-A35F4B970C68}.Release|x86.ActiveCfg = Release|Any CPU
		{7D986BE4-FE5B-4644-BC13-A35F4B970C68}.Release|x86.Build.0 = Release|Any CPU
		{E34126FA-77D4-4F5D-B1B0-EA3C2102D222}.Debug|Any CPU.ActiveCfg = Debug|Any CPU
		{E34126FA-77D4-4F5D-B1B0-EA3C2102D222}.Debug|Any CPU.Build.0 = Debug|Any CPU
		{E34126FA-77D4-4F5D-B1B0-EA3C2102D222}.Debug|x64.ActiveCfg = Debug|Any CPU
		{E34126FA-77D4-4F5D-B1B0-EA3C2102D222}.Debug|x64.Build.0 = Debug|Any CPU
		{E34126FA-77D4-4F5D-B1B0-EA3C2102D222}.Debug|x86.ActiveCfg = Debug|Any CPU
		{E34126FA-77D4-4F5D-B1B0-EA3C2102D222}.Debug|x86.Build.0 = Debug|Any CPU
		{E34126FA-77D4-4F5D-B1B0-EA3C2102D222}.Release|Any CPU.ActiveCfg = Release|Any CPU
		{E34126FA-77D4-4F5D-B1B0-EA3C2102D222}.Release|Any CPU.Build.0 = Release|Any CPU
		{E34126FA-77D4-4F5D-B1B0-EA3C2102D222}.Release|x64.ActiveCfg = Release|Any CPU
		{E34126FA-77D4-4F5D-B1B0-EA3C2102D222}.Release|x64.Build.0 = Release|Any CPU
		{E34126FA-77D4-4F5D-B1B0-EA3C2102D222}.Release|x86.ActiveCfg = Release|Any CPU
		{E34126FA-77D4-4F5D-B1B0-EA3C2102D222}.Release|x86.Build.0 = Release|Any CPU
		{4122BC74-4EAA-4C0D-8774-A3DFC16E343F}.Debug|Any CPU.ActiveCfg = Debug|Any CPU
		{4122BC74-4EAA-4C0D-8774-A3DFC16E343F}.Debug|Any CPU.Build.0 = Debug|Any CPU
		{4122BC74-4EAA-4C0D-8774-A3DFC16E343F}.Debug|x64.ActiveCfg = Debug|Any CPU
		{4122BC74-4EAA-4C0D-8774-A3DFC16E343F}.Debug|x64.Build.0 = Debug|Any CPU
		{4122BC74-4EAA-4C0D-8774-A3DFC16E343F}.Debug|x86.ActiveCfg = Debug|Any CPU
		{4122BC74-4EAA-4C0D-8774-A3DFC16E343F}.Debug|x86.Build.0 = Debug|Any CPU
		{4122BC74-4EAA-4C0D-8774-A3DFC16E343F}.Release|Any CPU.ActiveCfg = Release|Any CPU
		{4122BC74-4EAA-4C0D-8774-A3DFC16E343F}.Release|Any CPU.Build.0 = Release|Any CPU
		{4122BC74-4EAA-4C0D-8774-A3DFC16E343F}.Release|x64.ActiveCfg = Release|Any CPU
		{4122BC74-4EAA-4C0D-8774-A3DFC16E343F}.Release|x64.Build.0 = Release|Any CPU
		{4122BC74-4EAA-4C0D-8774-A3DFC16E343F}.Release|x86.ActiveCfg = Release|Any CPU
		{4122BC74-4EAA-4C0D-8774-A3DFC16E343F}.Release|x86.Build.0 = Release|Any CPU
		{72161638-E435-44BA-A347-DD853E887FFA}.Debug|Any CPU.ActiveCfg = Debug|Any CPU
		{72161638-E435-44BA-A347-DD853E887FFA}.Debug|Any CPU.Build.0 = Debug|Any CPU
		{72161638-E435-44BA-A347-DD853E887FFA}.Debug|x64.ActiveCfg = Debug|Any CPU
		{72161638-E435-44BA-A347-DD853E887FFA}.Debug|x64.Build.0 = Debug|Any CPU
		{72161638-E435-44BA-A347-DD853E887FFA}.Debug|x86.ActiveCfg = Debug|Any CPU
		{72161638-E435-44BA-A347-DD853E887FFA}.Debug|x86.Build.0 = Debug|Any CPU
		{72161638-E435-44BA-A347-DD853E887FFA}.Release|Any CPU.ActiveCfg = Release|Any CPU
		{72161638-E435-44BA-A347-DD853E887FFA}.Release|Any CPU.Build.0 = Release|Any CPU
		{72161638-E435-44BA-A347-DD853E887FFA}.Release|x64.ActiveCfg = Release|Any CPU
		{72161638-E435-44BA-A347-DD853E887FFA}.Release|x64.Build.0 = Release|Any CPU
		{72161638-E435-44BA-A347-DD853E887FFA}.Release|x86.ActiveCfg = Release|Any CPU
		{72161638-E435-44BA-A347-DD853E887FFA}.Release|x86.Build.0 = Release|Any CPU
		{D4045331-2BC8-491B-9A9B-2AFC5E7CDA6E}.Debug|Any CPU.ActiveCfg = Debug|Any CPU
		{D4045331-2BC8-491B-9A9B-2AFC5E7CDA6E}.Debug|Any CPU.Build.0 = Debug|Any CPU
		{D4045331-2BC8-491B-9A9B-2AFC5E7CDA6E}.Debug|x64.ActiveCfg = Debug|Any CPU
		{D4045331-2BC8-491B-9A9B-2AFC5E7CDA6E}.Debug|x64.Build.0 = Debug|Any CPU
		{D4045331-2BC8-491B-9A9B-2AFC5E7CDA6E}.Debug|x86.ActiveCfg = Debug|Any CPU
		{D4045331-2BC8-491B-9A9B-2AFC5E7CDA6E}.Debug|x86.Build.0 = Debug|Any CPU
		{D4045331-2BC8-491B-9A9B-2AFC5E7CDA6E}.Release|Any CPU.ActiveCfg = Release|Any CPU
		{D4045331-2BC8-491B-9A9B-2AFC5E7CDA6E}.Release|Any CPU.Build.0 = Release|Any CPU
		{D4045331-2BC8-491B-9A9B-2AFC5E7CDA6E}.Release|x64.ActiveCfg = Release|Any CPU
		{D4045331-2BC8-491B-9A9B-2AFC5E7CDA6E}.Release|x64.Build.0 = Release|Any CPU
		{D4045331-2BC8-491B-9A9B-2AFC5E7CDA6E}.Release|x86.ActiveCfg = Release|Any CPU
		{D4045331-2BC8-491B-9A9B-2AFC5E7CDA6E}.Release|x86.Build.0 = Release|Any CPU
	EndGlobalSection
	GlobalSection(NestedProjects) = preSolution
		{B91EBB6F-3D5F-4C9D-B492-C27933B74A18} = {A964A01C-E89F-4C22-A28E-EFA14D4EA6D0}
		{13216954-B0D0-443D-9F95-A15AEA74EAF7} = {B91EBB6F-3D5F-4C9D-B492-C27933B74A18}
		{1E01CA1C-4033-484C-97A9-90DE76A0353C} = {13216954-B0D0-443D-9F95-A15AEA74EAF7}
		{48644DE5-BA89-4C8B-835A-26EA0370D5F6} = {13216954-B0D0-443D-9F95-A15AEA74EAF7}
		{7D986BE4-FE5B-4644-BC13-A35F4B970C68} = {13216954-B0D0-443D-9F95-A15AEA74EAF7}
		{E34126FA-77D4-4F5D-B1B0-EA3C2102D222} = {13216954-B0D0-443D-9F95-A15AEA74EAF7}
		{65E5638F-5057-46D5-9F37-5A6163876CCE} = {B91EBB6F-3D5F-4C9D-B492-C27933B74A18}
		{4122BC74-4EAA-4C0D-8774-A3DFC16E343F} = {65E5638F-5057-46D5-9F37-5A6163876CCE}
		{72161638-E435-44BA-A347-DD853E887FFA} = {27C8A380-6FBA-4DD4-8C0A-F658A463BCF3}
		{A4D9FAB5-C597-4586-9582-097A9C8483C5} = {A964A01C-E89F-4C22-A28E-EFA14D4EA6D0}
		{D4045331-2BC8-491B-9A9B-2AFC5E7CDA6E} = {A4D9FAB5-C597-4586-9582-097A9C8483C5}
	EndGlobalSection
EndGlobal
